
Microsoft Visual Studio Solution File, Format Version 12.00
# Visual Studio Version 17
VisualStudioVersion = 17.8.34322.80
MinimumVisualStudioVersion = 10.0.40219.1
Project("{8BC9CEB8-8B4A-11D0-8D11-00A0C91BC942}") = "_squirrel", "_prj_msvc2019\_squirrel.vcxproj", "{6DE78A45-B642-42FA-A469-EA8474162724}"
EndProject
Project("{8BC9CEB8-8B4A-11D0-8D11-00A0C91BC942}") = "_simplesquirrel", "_prj_msvc2019\_simplesquirrel.vcxproj", "{CD833BDE-D6AB-4112-99D2-35130F0A8308}"
	ProjectSection(ProjectDependencies) = postProject
		{6DE78A45-B642-42FA-A469-EA8474162724} = {6DE78A45-B642-42FA-A469-EA8474162724}
	EndProjectSection
EndProject
Project("{8BC9CEB8-8B4A-11D0-8D11-00A0C91BC942}") = "test_table_keys", "_prj_msvc2019\tests\test_table_keys.vcxproj", "{CE69E3F6-F65C-47D3-89A0-D0062A9CCE81}"
	ProjectSection(ProjectDependencies) = postProject
		{CD833BDE-D6AB-4112-99D2-35130F0A8308} = {CD833BDE-D6AB-4112-99D2-35130F0A8308}
	EndProjectSection
EndProject
Project("{8BC9CEB8-8B4A-11D0-8D11-00A0C91BC942}") = "json_parser_sq", "json_parser\json_parser_sq.vcxproj", "{C083E9E8-F4DE-484C-B63F-B1696F3EF2E8}"
	ProjectSection(ProjectDependencies) = postProject
		{CD833BDE-D6AB-4112-99D2-35130F0A8308} = {CD833BDE-D6AB-4112-99D2-35130F0A8308}
	EndProjectSection
EndProject
Global
	GlobalSection(SolutionConfigurationPlatforms) = preSolution
		Debug|x64 = Debug|x64
		Debug|x86 = Debug|x86
		MinSizeRel|x64 = MinSizeRel|x64
		MinSizeRel|x86 = MinSizeRel|x86
		Release|x64 = Release|x64
		Release|x86 = Release|x86
		RelWithDebInfo|x64 = RelWithDebInfo|x64
		RelWithDebInfo|x86 = RelWithDebInfo|x86
	EndGlobalSection
	GlobalSection(ProjectConfigurationPlatforms) = postSolution
		{6DE78A45-B642-42FA-A469-EA8474162724}.Debug|x64.ActiveCfg = Debug|x64
		{6DE78A45-B642-42FA-A469-EA8474162724}.Debug|x64.Build.0 = Debug|x64
		{6DE78A45-B642-42FA-A469-EA8474162724}.Debug|x86.ActiveCfg = Debug|Win32
		{6DE78A45-B642-42FA-A469-EA8474162724}.Debug|x86.Build.0 = Debug|Win32
		{6DE78A45-B642-42FA-A469-EA8474162724}.MinSizeRel|x64.ActiveCfg = MinSizeRel|x64
		{6DE78A45-B642-42FA-A469-EA8474162724}.MinSizeRel|x64.Build.0 = MinSizeRel|x64
		{6DE78A45-B642-42FA-A469-EA8474162724}.MinSizeRel|x86.ActiveCfg = MinSizeRel|x64
		{6DE78A45-B642-42FA-A469-EA8474162724}.MinSizeRel|x86.Build.0 = MinSizeRel|x64
		{6DE78A45-B642-42FA-A469-EA8474162724}.Release|x64.ActiveCfg = Release|x64
		{6DE78A45-B642-42FA-A469-EA8474162724}.Release|x64.Build.0 = Release|x64
		{6DE78A45-B642-42FA-A469-EA8474162724}.Release|x86.ActiveCfg = Release|Win32
		{6DE78A45-B642-42FA-A469-EA8474162724}.Release|x86.Build.0 = Release|Win32
		{6DE78A45-B642-42FA-A469-EA8474162724}.RelWithDebInfo|x64.ActiveCfg = RelWithDebInfo|Win32
		{6DE78A45-B642-42FA-A469-EA8474162724}.RelWithDebInfo|x64.Build.0 = RelWithDebInfo|Win32
		{6DE78A45-B642-42FA-A469-EA8474162724}.RelWithDebInfo|x86.ActiveCfg = RelWithDebInfo|Win32
		{6DE78A45-B642-42FA-A469-EA8474162724}.RelWithDebInfo|x86.Build.0 = RelWithDebInfo|Win32
		{CD833BDE-D6AB-4112-99D2-35130F0A8308}.Debug|x64.ActiveCfg = Debug|x64
		{CD833BDE-D6AB-4112-99D2-35130F0A8308}.Debug|x64.Build.0 = Debug|x64
		{CD833BDE-D6AB-4112-99D2-35130F0A8308}.Debug|x86.ActiveCfg = Debug|Win32
		{CD833BDE-D6AB-4112-99D2-35130F0A8308}.Debug|x86.Build.0 = Debug|Win32
		{CD833BDE-D6AB-4112-99D2-35130F0A8308}.MinSizeRel|x64.ActiveCfg = MinSizeRel|x64
		{CD833BDE-D6AB-4112-99D2-35130F0A8308}.MinSizeRel|x64.Build.0 = MinSizeRel|x64
		{CD833BDE-D6AB-4112-99D2-35130F0A8308}.MinSizeRel|x86.ActiveCfg = MinSizeRel|x64
		{CD833BDE-D6AB-4112-99D2-35130F0A8308}.MinSizeRel|x86.Build.0 = MinSizeRel|x64
		{CD833BDE-D6AB-4112-99D2-35130F0A8308}.Release|x64.ActiveCfg = Release|x64
		{CD833BDE-D6AB-4112-99D2-35130F0A8308}.Release|x64.Build.0 = Release|x64
		{CD833BDE-D6AB-4112-99D2-35130F0A8308}.Release|x86.ActiveCfg = Release|Win32
		{CD833BDE-D6AB-4112-99D2-35130F0A8308}.Release|x86.Build.0 = Release|Win32
		{CD833BDE-D6AB-4112-99D2-35130F0A8308}.RelWithDebInfo|x64.ActiveCfg = RelWithDebInfo|Win32
		{CD833BDE-D6AB-4112-99D2-35130F0A8308}.RelWithDebInfo|x64.Build.0 = RelWithDebInfo|Win32
		{CD833BDE-D6AB-4112-99D2-35130F0A8308}.RelWithDebInfo|x86.ActiveCfg = RelWithDebInfo|Win32
		{CD833BDE-D6AB-4112-99D2-35130F0A8308}.RelWithDebInfo|x86.Build.0 = RelWithDebInfo|Win32
		{CE69E3F6-F65C-47D3-89A0-D0062A9CCE81}.Debug|x64.ActiveCfg = Debug|x64
		{CE69E3F6-F65C-47D3-89A0-D0062A9CCE81}.Debug|x64.Build.0 = Debug|x64
		{CE69E3F6-F65C-47D3-89A0-D0062A9CCE81}.Debug|x86.ActiveCfg = Debug|Win32
		{CE69E3F6-F65C-47D3-89A0-D0062A9CCE81}.Debug|x86.Build.0 = Debug|Win32
		{CE69E3F6-F65C-47D3-89A0-D0062A9CCE81}.MinSizeRel|x64.ActiveCfg = MinSizeRel|x64
		{CE69E3F6-F65C-47D3-89A0-D0062A9CCE81}.MinSizeRel|x64.Build.0 = MinSizeRel|x64
		{CE69E3F6-F65C-47D3-89A0-D0062A9CCE81}.MinSizeRel|x86.ActiveCfg = MinSizeRel|x64
		{CE69E3F6-F65C-47D3-89A0-D0062A9CCE81}.MinSizeRel|x86.Build.0 = MinSizeRel|x64
		{CE69E3F6-F65C-47D3-89A0-D0062A9CCE81}.Release|x64.ActiveCfg = Release|x64
		{CE69E3F6-F65C-47D3-89A0-D0062A9CCE81}.Release|x64.Build.0 = Release|x64
		{CE69E3F6-F65C-47D3-89A0-D0062A9CCE81}.Release|x86.ActiveCfg = Release|Win32
		{CE69E3F6-F65C-47D3-89A0-D0062A9CCE81}.Release|x86.Build.0 = Release|Win32
		{CE69E3F6-F65C-47D3-89A0-D0062A9CCE81}.RelWithDebInfo|x64.ActiveCfg = RelWithDebInfo|Win32
		{CE69E3F6-F65C-47D3-89A0-D0062A9CCE81}.RelWithDebInfo|x64.Build.0 = RelWithDebInfo|Win32
		{CE69E3F6-F65C-47D3-89A0-D0062A9CCE81}.RelWithDebInfo|x86.ActiveCfg = RelWithDebInfo|Win32
		{CE69E3F6-F65C-47D3-89A0-D0062A9CCE81}.RelWithDebInfo|x86.Build.0 = RelWithDebInfo|Win32
		{C083E9E8-F4DE-484C-B63F-B1696F3EF2E8}.Debug|x64.ActiveCfg = Release|x64
		{C083E9E8-F4DE-484C-B63F-B1696F3EF2E8}.Debug|x64.Build.0 = Release|x64
		{C083E9E8-F4DE-484C-B63F-B1696F3EF2E8}.Debug|x86.ActiveCfg = Release|x64
		{C083E9E8-F4DE-484C-B63F-B1696F3EF2E8}.Debug|x86.Build.0 = Release|x64
		{C083E9E8-F4DE-484C-B63F-B1696F3EF2E8}.MinSizeRel|x64.ActiveCfg = Release|x64
		{C083E9E8-F4DE-484C-B63F-B1696F3EF2E8}.MinSizeRel|x64.Build.0 = Release|x64
		{C083E9E8-F4DE-484C-B63F-B1696F3EF2E8}.MinSizeRel|x86.ActiveCfg = Release|x64
		{C083E9E8-F4DE-484C-B63F-B1696F3EF2E8}.MinSizeRel|x86.Build.0 = Release|x64
		{C083E9E8-F4DE-484C-B63F-B1696F3EF2E8}.Release|x64.ActiveCfg = Release|x64
		{C083E9E8-F4DE-484C-B63F-B1696F3EF2E8}.Release|x64.Build.0 = Release|x64
		{C083E9E8-F4DE-484C-B63F-B1696F3EF2E8}.Release|x86.ActiveCfg = Release|x64
		{C083E9E8-F4DE-484C-B63F-B1696F3EF2E8}.Release|x86.Build.0 = Release|x64
		{C083E9E8-F4DE-484C-B63F-B1696F3EF2E8}.RelWithDebInfo|x64.ActiveCfg = Release|x64
		{C083E9E8-F4DE-484C-B63F-B1696F3EF2E8}.RelWithDebInfo|x64.Build.0 = Release|x64
		{C083E9E8-F4DE-484C-B63F-B1696F3EF2E8}.RelWithDebInfo|x86.ActiveCfg = Release|x64
		{C083E9E8-F4DE-484C-B63F-B1696F3EF2E8}.RelWithDebInfo|x86.Build.0 = Release|x64
	EndGlobalSection
	GlobalSection(SolutionProperties) = preSolution
		HideSolutionNode = FALSE
	EndGlobalSection
	GlobalSection(ExtensibilityGlobals) = postSolution
		SolutionGuid = {36ECAFA9-BDD3-4CBB-A991-DB5EE1CB7BCD}
	EndGlobalSection
EndGlobal
