
Microsoft Visual Studio Solution File, Format Version 12.00
# Visual Studio Version 17
VisualStudioVersion = 17.8.34322.80
MinimumVisualStudioVersion = 10.0.40219.1
Project("{8BC9CEB8-8B4A-11D0-8D11-00A0C91BC942}") = "plain_callbacks", "plain_callbacks\plain_callbacks.vcxproj", "{F0372D08-7C44-4D5B-B83D-0D1FAF8B2663}"
EndProject
Project("{8BC9CEB8-8B4A-11D0-8D11-00A0C91BC942}") = "json_parser_sq", "json_parser\json_parser_sq.vcxproj", "{C083E9E8-F4DE-484C-B63F-B1696F3EF2E8}"
EndProject
Project("{8BC9CEB8-8B4A-11D0-8D11-00A0C91BC942}") = "font_loader", "font_loader\font_loader.vcxproj", "{9469D26D-7ADE-49AD-8C57-384E61513684}"
EndProject
Global
	GlobalSection(SolutionConfigurationPlatforms) = preSolution
		Debug|x64 = Debug|x64
		Debug|x86 = Debug|x86
		Release|x64 = Release|x64
		Release|x86 = Release|x86
	EndGlobalSection
	GlobalSection(ProjectConfigurationPlatforms) = postSolution
		{F0372D08-7C44-4D5B-B83D-0D1FAF8B2663}.Debug|x64.ActiveCfg = Release|x64
		{F0372D08-7C44-4D5B-B83D-0D1FAF8B2663}.Debug|x64.Build.0 = Release|x64
		{F0372D08-7C44-4D5B-B83D-0D1FAF8B2663}.Debug|x86.ActiveCfg = Release|x64
		{F0372D08-7C44-4D5B-B83D-0D1FAF8B2663}.Debug|x86.Build.0 = Release|x64
		{F0372D08-7C44-4D5B-B83D-0D1FAF8B2663}.Release|x64.ActiveCfg = Release|x64
		{F0372D08-7C44-4D5B-B83D-0D1FAF8B2663}.Release|x64.Build.0 = Release|x64
		{F0372D08-7C44-4D5B-B83D-0D1FAF8B2663}.Release|x86.ActiveCfg = Release|x64
		{F0372D08-7C44-4D5B-B83D-0D1FAF8B2663}.Release|x86.Build.0 = Release|x64
		{C083E9E8-F4DE-484C-B63F-B1696F3EF2E8}.Debug|x64.ActiveCfg = Release|x64
		{C083E9E8-F4DE-484C-B63F-B1696F3EF2E8}.Debug|x64.Build.0 = Release|x64
		{C083E9E8-F4DE-484C-B63F-B1696F3EF2E8}.Debug|x86.ActiveCfg = Release|x64
		{C083E9E8-F4DE-484C-B63F-B1696F3EF2E8}.Debug|x86.Build.0 = Release|x64
		{C083E9E8-F4DE-484C-B63F-B1696F3EF2E8}.Release|x64.ActiveCfg = Release|x64
		{C083E9E8-F4DE-484C-B63F-B1696F3EF2E8}.Release|x64.Build.0 = Release|x64
		{C083E9E8-F4DE-484C-B63F-B1696F3EF2E8}.Release|x86.ActiveCfg = Release|x64
		{C083E9E8-F4DE-484C-B63F-B1696F3EF2E8}.Release|x86.Build.0 = Release|x64
		{9469D26D-7ADE-49AD-8C57-384E61513684}.Debug|x64.ActiveCfg = Debug|x64
		{9469D26D-7ADE-49AD-8C57-384E61513684}.Debug|x64.Build.0 = Debug|x64
		{9469D26D-7ADE-49AD-8C57-384E61513684}.Debug|x86.ActiveCfg = Debug|Win32
		{9469D26D-7ADE-49AD-8C57-384E61513684}.Debug|x86.Build.0 = Debug|Win32
		{9469D26D-7ADE-49AD-8C57-384E61513684}.Release|x64.ActiveCfg = Release|x64
		{9469D26D-7ADE-49AD-8C57-384E61513684}.Release|x64.Build.0 = Release|x64
		{9469D26D-7ADE-49AD-8C57-384E61513684}.Release|x86.ActiveCfg = Release|Win32
		{9469D26D-7ADE-49AD-8C57-384E61513684}.Release|x86.Build.0 = Release|Win32
	EndGlobalSection
	GlobalSection(SolutionProperties) = preSolution
		HideSolutionNode = FALSE
	EndGlobalSection
	GlobalSection(ExtensibilityGlobals) = postSolution
		SolutionGuid = {36ECAFA9-BDD3-4CBB-A991-DB5EE1CB7BCD}
	EndGlobalSection
EndGlobal
